
Microsoft Visual Studio Solution File, Format Version 12.00
# Visual Studio Version 16
VisualStudioVersion = 16.0.30907.101
MinimumVisualStudioVersion = 10.0.40219.1
Project("{FAE04EC0-301F-11D3-BF4B-00C04F79EFBC}") = "Calculator", "Calculator\Calculator.csproj", "{2D822341-486B-49FA-9C71-E0FFAD3AA405}"
EndProject
Project("{FAE04EC0-301F-11D3-BF4B-00C04F79EFBC}") = "UI", "UI\UI.csproj", "{AF68882D-1463-44B0-B2EE-BAEF1DE905E6}"
EndProject
Global
	GlobalSection(SolutionConfigurationPlatforms) = preSolution
		Debug|Any CPU = Debug|Any CPU
		Release|Any CPU = Release|Any CPU
	EndGlobalSection
	GlobalSection(ProjectConfigurationPlatforms) = postSolution
		{2D822341-486B-49FA-9C71-E0FFAD3AA405}.Debug|Any CPU.ActiveCfg = Debug|Any CPU
		{2D822341-486B-49FA-9C71-E0FFAD3AA405}.Debug|Any CPU.Build.0 = Debug|Any CPU
		{2D822341-486B-49FA-9C71-E0FFAD3AA405}.Release|Any CPU.ActiveCfg = Release|Any CPU
		{2D822341-486B-49FA-9C71-E0FFAD3AA405}.Release|Any CPU.Build.0 = Release|Any CPU
		{AF68882D-1463-44B0-B2EE-BAEF1DE905E6}.Debug|Any CPU.ActiveCfg = Debug|Any CPU
		{AF68882D-1463-44B0-B2EE-BAEF1DE905E6}.Debug|Any CPU.Build.0 = Debug|Any CPU
		{AF68882D-1463-44B0-B2EE-BAEF1DE905E6}.Release|Any CPU.ActiveCfg = Release|Any CPU
		{AF68882D-1463-44B0-B2EE-BAEF1DE905E6}.Release|Any CPU.Build.0 = Release|Any CPU
	EndGlobalSection
	GlobalSection(SolutionProperties) = preSolution
		HideSolutionNode = FALSE
	EndGlobalSection
	GlobalSection(ExtensibilityGlobals) = postSolution
		SolutionGuid = {408BF634-6688-4CAF-A760-E2E015751CB6}
	EndGlobalSection
EndGlobal
